PODS:
  - CocoaAsyncSocket (7.6.5)
  - Flutter (1.0.0)
  - patrol (0.0.1):
    - CocoaAsyncSocket (~> 7.6)
    - Flutter
    - FlutterMacOS
  - REES46 (3.28.0)
  - rees46_sdk (0.0.1):
    - Flutter
    - REES46 (= 3.28.0)

DEPENDENCIES:
  - Flutter (from `Flutter`)
  - patrol (from `.symlinks/plugins/patrol/darwin`)
  - rees46_sdk (from `.symlinks/plugins/rees46_sdk/ios`)

SPEC REPOS:
  trunk:
    - CocoaAsyncSocket
    - REES46

EXTERNAL SOURCES:
  Flutter:
    :path: Flutter
  patrol:
    :path: ".symlinks/plugins/patrol/darwin"
  rees46_sdk:
    :path: ".symlinks/plugins/rees46_sdk/ios"

SPEC CHECKSUMS:
  CocoaAsyncSocket: 065fd1e645c7abab64f7a6a2007a48038fdc6a99
  Flutter: cabc95a1d2626b1b06e7179b784ebcf0c0cde467
  patrol: cea8074f183a2a4232d0ebd10569ae05149ada42
  REES46: ecba4cbbfd060636541beedff390564561a1a562
  rees46_sdk: 58ed3f7511bca74a71702a41f7d37f757869837b

PODFILE CHECKSUM: b6e248ac4c1eff5807c8b044b39b8bc326af3f5f

COCOAPODS: 1.16.2
